<?xml version="1.0" encoding="utf-8"?>
<Project ToolsVersion="4.0" xmlns="http://schemas.microsoft.com/developer/msbuild/2003">
  <ItemGroup>
    <Filter Include="Source Files">
      <UniqueIdentifier>{4FC737F1-C7A5-4376-A066-2A32D752A2FF}</UniqueIdentifier>
      <Extensions>cpp;c;cc;cxx;c++;cppm;ixx;def;odl;idl;hpj;bat;asm;asmx</Extensions>
    </Filter>
    <Filter Include="Header Files">
      <UniqueIdentifier>{93995380-89BD-4b04-88EB-625FBE52EBFB}</UniqueIdentifier>
      <Extensions>h;hh;hpp;hxx;h++;hm;inl;inc;ipp;xsd</Extensions>
    </Filter>
    <Filter Include="Resource Files">
      <UniqueIdentifier>{67DA6AB6-F800-4c08-8B7A-83BB121AAD01}</UniqueIdentifier>
      <Extensions>rc;ico;cur;bmp;dlg;rc2;rct;bin;rgs;gif;jpg;jpeg;jpe;resx;tiff;tif;png;wav;mfcribbon-ms</Extensions>
    </Filter>
    <Filter Include="pch">
      <UniqueIdentifier>{71e0a15b-317b-430d-b93d-61ecca8fa4e9}</UniqueIdentifier>
    </Filter>
    <Filter Include="Static Data">
      <UniqueIdentifier>{a74d1a36-b437-4b59-b440-4f3a0bde6d28}</UniqueIdentifier>
    </Filter>
    <Filter Include="Container">
      <UniqueIdentifier>{44acfcb0-8234-4ec0-8450-7a1739ce9484}</UniqueIdentifier>
    </Filter>
    <Filter Include="Game Object">
      <UniqueIdentifier>{f3a75daf-6f6a-4268-8828-87e24f1fbc92}</UniqueIdentifier>
    </Filter>
    <Filter Include="Player">
      <UniqueIdentifier>{316f26dd-5980-4348-8782-1dfaa5680634}</UniqueIdentifier>
    </Filter>
    <Filter Include="GameEvent">
      <UniqueIdentifier>{ba847093-744b-4d6f-8e10-051fb9862ef8}</UniqueIdentifier>
    </Filter>
    <Filter Include="DB">
      <UniqueIdentifier>{27f74832-1696-452b-a59c-226416013eca}</UniqueIdentifier>
    </Filter>
  </ItemGroup>
  <ItemGroup>
    <ClCompile Include="SentinelMain.cpp">
      <Filter>Source Files</Filter>
    </ClCompile>
    <ClCompile Include="GameServer.cpp">
      <Filter>Source Files</Filter>
    </ClCompile>
    <ClCompile Include="..\NetCore\PointerTable.cpp">
      <Filter>Container</Filter>
    </ClCompile>
    <ClCompile Include="Player.cpp">
      <Filter>Player</Filter>
    </ClCompile>
    <ClCompile Include="PlayerManager.cpp">
      <Filter>Player</Filter>
    </ClCompile>
    <ClCompile Include="ObjectManager.cpp">
      <Filter>Game Object</Filter>
    </ClCompile>
    <ClCompile Include="GameEvent.cpp">
      <Filter>GameEvent</Filter>
    </ClCompile>
    <ClCompile Include="DummyObject.cpp">
      <Filter>Game Object</Filter>
    </ClCompile>
    <ClCompile Include="..\NetCore\LinearQueue.cpp">
      <Filter>Container</Filter>
    </ClCompile>
    <ClCompile Include="..\NetCore\PointerList.cpp">
      <Filter>Container</Filter>
    </ClCompile>
    <ClCompile Include="GameStruct.cpp">
      <Filter>Game Object</Filter>
    </ClCompile>
    <ClCompile Include="GameObject.cpp">
      <Filter>Game Object</Filter>
    </ClCompile>
    <ClCompile Include="Tank.cpp">
      <Filter>Game Object</Filter>
    </ClCompile>
    <ClCompile Include="Global.cpp">
      <Filter>Static Data</Filter>
    </ClCompile>
    <ClCompile Include="Projectile.cpp">
      <Filter>Game Object</Filter>
    </ClCompile>
  </ItemGroup>
  <ItemGroup>
    <ClInclude Include="GameStruct.h">
      <Filter>Game Object</Filter>
    </ClInclude>
    <ClInclude Include="GameServer.h">
      <Filter>Header Files</Filter>
    </ClInclude>
    <ClInclude Include="..\NetCore\stdafx.h">
      <Filter>pch</Filter>
    </ClInclude>
    <ClInclude Include="..\NetCore\targetver.h">
      <Filter>pch</Filter>
    </ClInclude>
    <ClInclude Include="Global.h">
      <Filter>Static Data</Filter>
    </ClInclude>
    <ClInclude Include="GameObject.h">
      <Filter>Game Object</Filter>
    </ClInclude>
    <ClInclude Include="..\NetCore\PointerTable.h">
      <Filter>Container</Filter>
    </ClInclude>
    <ClInclude Include="Player.h">
      <Filter>Player</Filter>
    </ClInclude>
    <ClInclude Include="PlayerManager.h">
      <Filter>Player</Filter>
    </ClInclude>
    <ClInclude Include="ObjectManager.h">
      <Filter>Game Object</Filter>
    </ClInclude>
    <ClInclude Include="GameEvent.h">
      <Filter>GameEvent</Filter>
    </ClInclude>
    <ClInclude Include="DummyObject.h">
      <Filter>Game Object</Filter>
    </ClInclude>
    <ClInclude Include="..\NetCore\LinearQueue.h">
      <Filter>Container</Filter>
    </ClInclude>
    <ClInclude Include="..\NetCore\PointerList.h">
      <Filter>Container</Filter>
    </ClInclude>
    <ClInclude Include="Tank.h">
      <Filter>Game Object</Filter>
    </ClInclude>
    <ClInclude Include="Projectile.h">
      <Filter>Game Object</Filter>
    </ClInclude>
  </ItemGroup>
</Project>