<?xml version="1.0" encoding="utf-8"?>
<Project ToolsVersion="4.0" xmlns="http://schemas.microsoft.com/developer/msbuild/2003">
  <ItemGroup>
    <Filter Include="Source Files">
      <UniqueIdentifier>{4FC737F1-C7A5-4376-A066-2A32D752A2FF}</UniqueIdentifier>
      <Extensions>cpp;c;cc;cxx;c++;cppm;ixx;def;odl;idl;hpj;bat;asm;asmx</Extensions>
    </Filter>
    <Filter Include="Header Files">
      <UniqueIdentifier>{93995380-89BD-4b04-88EB-625FBE52EBFB}</UniqueIdentifier>
      <Extensions>h;hh;hpp;hxx;h++;hm;inl;inc;ipp;xsd</Extensions>
    </Filter>
    <Filter Include="Resource Files">
      <UniqueIdentifier>{67DA6AB6-F800-4c08-8B7A-83BB121AAD01}</UniqueIdentifier>
      <Extensions>rc;ico;cur;bmp;dlg;rc2;rct;bin;rgs;gif;jpg;jpeg;jpe;resx;tiff;tif;png;wav;mfcribbon-ms</Extensions>
    </Filter>
    <Filter Include="Data Structs">
      <UniqueIdentifier>{7316e707-9a3b-4572-9cd9-ea73e9cc5029}</UniqueIdentifier>
    </Filter>
    <Filter Include="pch">
      <UniqueIdentifier>{0c5c0bc0-b17f-4bec-a71d-9e0f1a155173}</UniqueIdentifier>
    </Filter>
    <Filter Include="iocp">
      <UniqueIdentifier>{e80f14f7-362a-416c-acd2-96d803d91a33}</UniqueIdentifier>
    </Filter>
  </ItemGroup>
  <ItemGroup>
    <ClCompile Include="PointerMap.cpp">
      <Filter>Data Structs</Filter>
    </ClCompile>
    <ClCompile Include="PointerQueue.cpp">
      <Filter>Data Structs</Filter>
    </ClCompile>
    <ClCompile Include="PointerTable.cpp">
      <Filter>Data Structs</Filter>
    </ClCompile>
    <ClCompile Include="NetCore.cpp">
      <Filter>iocp</Filter>
    </ClCompile>
    <ClCompile Include="NetCoreMain.cpp">
      <Filter>iocp</Filter>
    </ClCompile>
    <ClCompile Include="NetMessageQueue.cpp">
      <Filter>iocp</Filter>
    </ClCompile>
    <ClCompile Include="SessionManager.cpp">
      <Filter>iocp</Filter>
    </ClCompile>
    <ClCompile Include="Session.cpp">
      <Filter>iocp</Filter>
    </ClCompile>
    <ClCompile Include="Stream.cpp">
      <Filter>iocp</Filter>
    </ClCompile>
    <ClCompile Include="PointerList.cpp">
      <Filter>Data Structs</Filter>
    </ClCompile>
    <ClCompile Include="LinearQueue.cpp">
      <Filter>Data Structs</Filter>
    </ClCompile>
  </ItemGroup>
  <ItemGroup>
    <ClInclude Include="PointerMap.h">
      <Filter>Data Structs</Filter>
    </ClInclude>
    <ClInclude Include="stdafx.h">
      <Filter>pch</Filter>
    </ClInclude>
    <ClInclude Include="targetver.h">
      <Filter>pch</Filter>
    </ClInclude>
    <ClInclude Include="PointerTable.h">
      <Filter>Data Structs</Filter>
    </ClInclude>
    <ClInclude Include="PointerQueue.h">
      <Filter>Data Structs</Filter>
    </ClInclude>
    <ClInclude Include="NetCore.h">
      <Filter>iocp</Filter>
    </ClInclude>
    <ClInclude Include="NetGlobal.h">
      <Filter>iocp</Filter>
    </ClInclude>
    <ClInclude Include="NetMessage.h">
      <Filter>iocp</Filter>
    </ClInclude>
    <ClInclude Include="NetMessageQueue.h">
      <Filter>iocp</Filter>
    </ClInclude>
    <ClInclude Include="Session.h">
      <Filter>iocp</Filter>
    </ClInclude>
    <ClInclude Include="SessionManager.h">
      <Filter>iocp</Filter>
    </ClInclude>
    <ClInclude Include="Stream.h">
      <Filter>iocp</Filter>
    </ClInclude>
    <ClInclude Include="PointerList.h">
      <Filter>Data Structs</Filter>
    </ClInclude>
    <ClInclude Include="LinearQueue.h">
      <Filter>Data Structs</Filter>
    </ClInclude>
  </ItemGroup>
</Project>